PODS:
  - flutter_blue (0.0.1):
    - flutter_blue/Protos (= 0.0.1)
    - FlutterMacOS
  - flutter_blue/Protos (0.0.1):
    - FlutterMacOS
    - Protobuf (~> 3.14.0)
  - FlutterMacOS (2.0.0)
  - Protobuf (3.14.0)

DEPENDENCIES:
  - flutter_blue (from `Flutter/ephemeral/.symlinks/plugins/flutter_blue/macos`)

SPEC REPOS:
  trunk:
    - FlutterMacOS
    - Protobuf

EXTERNAL SOURCES:
  flutter_blue:
    :path: Flutter/ephemeral/.symlinks/plugins/flutter_blue/macos

SPEC CHECKSUMS:
  flutter_blue: 88889f8ccefcd93770b96906cf4a421b995f003f
  FlutterMacOS: 2f1b456c4d9436c4d4d13919bd3be8ef03ba6322
  Protobuf: 0cde852566359049847168e51bd1c690e0f70056

PODFILE CHECKSUM: 91a45292e3c63eb73c6e52036eeb01a52e7ae4df

COCOAPODS: 1.10.1
