PODS:
  - flutter_blue (0.0.1):
    - flutter_blue/Protos (= 0.0.1)
    - FlutterMacOS
  - flutter_blue/Protos (0.0.1):
    - FlutterMacOS
    - Protobuf (~> 3.14.0)
  - FlutterMacOS (1.0.0)
  - Protobuf (3.14.0)

DEPENDENCIES:
  - flutter_blue (from `Flutter/ephemeral/.symlinks/plugins/flutter_blue/macos`)
  - FlutterMacOS (from `Flutter/ephemeral`)

SPEC REPOS:
  trunk:
    - Protobuf

EXTERNAL SOURCES:
  flutter_blue:
    :path: Flutter/ephemeral/.symlinks/plugins/flutter_blue/macos
  FlutterMacOS:
    :path: Flutter/ephemeral

SPEC CHECKSUMS:
  flutter_blue: 88889f8ccefcd93770b96906cf4a421b995f003f
  FlutterMacOS: 57701585bf7de1b3fc2bb61f6378d73bbdea8424
  Protobuf: 0cde852566359049847168e51bd1c690e0f70056

PODFILE CHECKSUM: a884f6dd3f7494f3892ee6c81feea3a3abbf9153

COCOAPODS: 1.10.1
